
Microsoft Visual Studio Solution File, Format Version 12.00
# Visual Studio Version 17
VisualStudioVersion = 17.1.32210.238
MinimumVisualStudioVersion = 10.0.40219.1
Project("{FAE04EC0-301F-11D3-BF4B-00C04F79EFBC}") = "klasaVježbaString", "klasaVježbaString\klasaVježbaString.csproj", "{3526F9AA-E4A2-407D-8773-50DECFB1F507}"
EndProject
Global
	GlobalSection(SolutionConfigurationPlatforms) = preSolution
		Debug|Any CPU = Debug|Any CPU
		Release|Any CPU = Release|Any CPU
	EndGlobalSection
	GlobalSection(ProjectConfigurationPlatforms) = postSolution
		{3526F9AA-E4A2-407D-8773-50DECFB1F507}.Debug|Any CPU.ActiveCfg = Debug|Any CPU
		{3526F9AA-E4A2-407D-8773-50DECFB1F507}.Debug|Any CPU.Build.0 = Debug|Any CPU
		{3526F9AA-E4A2-407D-8773-50DECFB1F507}.Release|Any CPU.ActiveCfg = Release|Any CPU
		{3526F9AA-E4A2-407D-8773-50DECFB1F507}.Release|Any CPU.Build.0 = Release|Any CPU
	EndGlobalSection
	GlobalSection(SolutionProperties) = preSolution
		HideSolutionNode = FALSE
	EndGlobalSection
	GlobalSection(ExtensibilityGlobals) = postSolution
		SolutionGuid = {5CFDECB3-21D3-4621-9155-DF42D40DA3B2}
	EndGlobalSection
EndGlobal
